
Microsoft Visual Studio Solution File, Format Version 12.00
# Visual Studio Version 17
VisualStudioVersion = 17.0.31903.59
MinimumVisualStudioVersion = 10.0.40219.1
Project("{2150E333-8FDC-42A3-9474-1A3956D46DE8}") = "src", "src", "{437AA42B-9AB1-451F-A9B1-D894CD90E14B}"
EndProject
Project("{FAE04EC0-301F-11D3-BF4B-00C04F79EFBC}") = "api", "src\api\api.csproj", "{651A6BED-D490-4411-B88C-79E570CB04CE}"
EndProject
Project("{FAE04EC0-301F-11D3-BF4B-00C04F79EFBC}") = "api.tests", "src\test\api.tests\api.tests.csproj", "{45F7C75D-E6D1-41C2-ADCB-9D61E14C844D}"
EndProject
Project("{2150E333-8FDC-42A3-9474-1A3956D46DE8}") = "Tests", "Tests", "{137C07E0-60CA-4F5F-8703-4E160CB4E20A}"
EndProject
Global
	GlobalSection(SolutionConfigurationPlatforms) = preSolution
		Debug|Any CPU = Debug|Any CPU
		Release|Any CPU = Release|Any CPU
	EndGlobalSection
	GlobalSection(SolutionProperties) = preSolution
		HideSolutionNode = FALSE
	EndGlobalSection
	GlobalSection(ProjectConfigurationPlatforms) = postSolution
		{651A6BED-D490-4411-B88C-79E570CB04CE}.Debug|Any CPU.ActiveCfg = Debug|Any CPU
		{651A6BED-D490-4411-B88C-79E570CB04CE}.Debug|Any CPU.Build.0 = Debug|Any CPU
		{651A6BED-D490-4411-B88C-79E570CB04CE}.Release|Any CPU.ActiveCfg = Release|Any CPU
		{651A6BED-D490-4411-B88C-79E570CB04CE}.Release|Any CPU.Build.0 = Release|Any CPU
		{45F7C75D-E6D1-41C2-ADCB-9D61E14C844D}.Debug|Any CPU.ActiveCfg = Debug|Any CPU
		{45F7C75D-E6D1-41C2-ADCB-9D61E14C844D}.Debug|Any CPU.Build.0 = Debug|Any CPU
		{45F7C75D-E6D1-41C2-ADCB-9D61E14C844D}.Release|Any CPU.ActiveCfg = Release|Any CPU
		{45F7C75D-E6D1-41C2-ADCB-9D61E14C844D}.Release|Any CPU.Build.0 = Release|Any CPU
	EndGlobalSection
	GlobalSection(NestedProjects) = preSolution
		{651A6BED-D490-4411-B88C-79E570CB04CE} = {437AA42B-9AB1-451F-A9B1-D894CD90E14B}
		{45F7C75D-E6D1-41C2-ADCB-9D61E14C844D} = {137C07E0-60CA-4F5F-8703-4E160CB4E20A}
		{137C07E0-60CA-4F5F-8703-4E160CB4E20A} = {437AA42B-9AB1-451F-A9B1-D894CD90E14B}
	EndGlobalSection
EndGlobal
